
Microsoft Visual Studio Solution File, Format Version 12.00
# Visual Studio Version 17
VisualStudioVersion = 17.3.32819.101
MinimumVisualStudioVersion = 10.0.40219.1
Project("{FAE04EC0-301F-11D3-BF4B-00C04F79EFBC}") = "azure-app-configuration", "azure-app-configuration.csproj", "{90ABBDD2-021B-4DF3-A1B5-5DECE8EB8CE4}"
EndProject
Global
	GlobalSection(SolutionConfigurationPlatforms) = preSolution
		Debug|Any CPU = Debug|Any CPU
		Release|Any CPU = Release|Any CPU
	EndGlobalSection
	GlobalSection(ProjectConfigurationPlatforms) = postSolution
		{90ABBDD2-021B-4DF3-A1B5-5DECE8EB8CE4}.Debug|Any CPU.ActiveCfg = Debug|Any CPU
		{90ABBDD2-021B-4DF3-A1B5-5DECE8EB8CE4}.Debug|Any CPU.Build.0 = Debug|Any CPU
		{90ABBDD2-021B-4DF3-A1B5-5DECE8EB8CE4}.Release|Any CPU.ActiveCfg = Release|Any CPU
		{90ABBDD2-021B-4DF3-A1B5-5DECE8EB8CE4}.Release|Any CPU.Build.0 = Release|Any CPU
	EndGlobalSection
	GlobalSection(SolutionProperties) = preSolution
		HideSolutionNode = FALSE
	EndGlobalSection
	GlobalSection(ExtensibilityGlobals) = postSolution
		SolutionGuid = {4DD54A6B-3B7D-46A0-97D2-A39DE472DF40}
	EndGlobalSection
EndGlobal
